<?xml version="1.0" encoding="utf-8"?>
<Project ToolsVersion="4.0" xmlns="http://schemas.microsoft.com/developer/msbuild/2003">
  <ItemGroup>
    <Text Include="..\..\src\exeng-graphics-gl3\CMakeLists.txt" />
  </ItemGroup>
  <ItemGroup>
    <ClInclude Include="..\..\src\exeng-graphics-gl3\GL3BufferStatus.hpp" />
    <ClInclude Include="..\..\src\exeng-graphics-gl3\GL3Debug.hpp" />
    <ClInclude Include="..\..\src\exeng-graphics-gl3\GL3GraphicsDriver.hpp" />
    <ClInclude Include="..\..\src\exeng-graphics-gl3\GL3GraphicsDriverFactory.hpp" />
    <ClInclude Include="..\..\src\exeng-graphics-gl3\GL3IndexBuffer.hpp" />
    <ClInclude Include="..\..\src\exeng-graphics-gl3\GL3Plugin.hpp" />
    <ClInclude Include="..\..\src\exeng-graphics-gl3\GL3Shader.hpp" />
    <ClInclude Include="..\..\src\exeng-graphics-gl3\GL3ShaderProgram.hpp" />
    <ClInclude Include="..\..\src\exeng-graphics-gl3\GL3Texture.hpp" />
    <ClInclude Include="..\..\src\exeng-graphics-gl3\GL3VertexBuffer.hpp" />
    <ClInclude Include="..\..\src\exeng-graphics-gl3\Locker.hpp" />
    <ClInclude Include="..\..\src\exeng-graphics-gl3\GL3.hpp" />
    <ClInclude Include="..\..\src\exeng-graphics-gl3\gl_core_3_3.h" />
  </ItemGroup>
  <ItemGroup>
    <ClCompile Include="..\..\src\exeng-graphics-gl3\GL3Debug.cpp" />
    <ClCompile Include="..\..\src\exeng-graphics-gl3\GL3GraphicsDriver.cpp" />
    <ClCompile Include="..\..\src\exeng-graphics-gl3\GL3GraphicsDriverFactory.cpp" />
    <ClCompile Include="..\..\src\exeng-graphics-gl3\GL3IndexBuffer.cpp" />
    <ClCompile Include="..\..\src\exeng-graphics-gl3\GL3Plugin.cpp" />
    <ClCompile Include="..\..\src\exeng-graphics-gl3\GL3Shader.cpp" />
    <ClCompile Include="..\..\src\exeng-graphics-gl3\GL3ShaderProgram.cpp" />
    <ClCompile Include="..\..\src\exeng-graphics-gl3\GL3Texture.cpp" />
    <ClCompile Include="..\..\src\exeng-graphics-gl3\GL3VertexBuffer.cpp" />
    <ClCompile Include="..\..\src\exeng-graphics-gl3\Locker.cpp" />
    <ClCompile Include="..\..\src\exeng-graphics-gl3\gl_core_3_3.c" />
  </ItemGroup>
</Project>