<?xml version="1.0" encoding="utf-8"?>
<Project ToolsVersion="4.0" xmlns="http://schemas.microsoft.com/developer/msbuild/2003">
  <ItemGroup>
    <Text Include="..\..\src\exeng\CMakeLists.txt" />
  </ItemGroup>
  <ItemGroup>
    <ClInclude Include="..\..\src\exeng\Config.hpp" />
    <ClInclude Include="..\..\src\exeng\DataTypes.hpp" />
    <ClInclude Include="..\..\src\exeng\DetectEnv.hpp" />
    <ClInclude Include="..\..\src\exeng\Exeng.hpp" />
    <ClInclude Include="..\..\src\exeng\Object.hpp" />
    <ClInclude Include="..\..\src\exeng\Root.hpp" />
    <ClInclude Include="..\..\src\exeng\TFlags.hpp" />
    <ClInclude Include="..\..\src\exeng\TypeInfo.hpp" />
    <ClInclude Include="..\..\src\exeng\Version.hpp" />
    <ClInclude Include="..\..\src\exeng\graphics\GraphicsDriver.hpp">
      <Filter>graphics</Filter>
    </ClInclude>
    <ClInclude Include="..\..\src\exeng\graphics\GraphicsDriverBase.hpp">
      <Filter>graphics</Filter>
    </ClInclude>
    <ClInclude Include="..\..\src\exeng\graphics\GraphicsManager.hpp">
      <Filter>graphics</Filter>
    </ClInclude>
    <ClInclude Include="..\..\src\exeng\graphics\Image.hpp">
      <Filter>graphics</Filter>
    </ClInclude>
    <ClInclude Include="..\..\src\exeng\graphics\IndexBuffer.hpp">
      <Filter>graphics</Filter>
    </ClInclude>
    <ClInclude Include="..\..\src\exeng\graphics\Material.hpp">
      <Filter>graphics</Filter>
    </ClInclude>
    <ClInclude Include="..\..\src\exeng\graphics\PixelFormat.hpp">
      <Filter>graphics</Filter>
    </ClInclude>
    <ClInclude Include="..\..\src\exeng\graphics\PixelType.hpp">
      <Filter>graphics</Filter>
    </ClInclude>
    <ClInclude Include="..\..\src\exeng\graphics\Texture.hpp">
      <Filter>graphics</Filter>
    </ClInclude>
    <ClInclude Include="..\..\src\exeng\graphics\VertexBuffer.hpp">
      <Filter>graphics</Filter>
    </ClInclude>
    <ClInclude Include="..\..\src\exeng\math\Common.hpp">
      <Filter>math</Filter>
    </ClInclude>
    <ClInclude Include="..\..\src\exeng\math\Operations.hpp">
      <Filter>math</Filter>
    </ClInclude>
    <ClInclude Include="..\..\src\exeng\math\TBoundary.hpp">
      <Filter>math</Filter>
    </ClInclude>
    <ClInclude Include="..\..\src\exeng\math\TMatrix.hpp">
      <Filter>math</Filter>
    </ClInclude>
    <ClInclude Include="..\..\src\exeng\math\TRect.hpp">
      <Filter>math</Filter>
    </ClInclude>
    <ClInclude Include="..\..\src\exeng\math\TSize.hpp">
      <Filter>math</Filter>
    </ClInclude>
    <ClInclude Include="..\..\src\exeng\math\TVector.hpp">
      <Filter>math</Filter>
    </ClInclude>
    <ClInclude Include="..\..\src\exeng\scenegraph\Camera.hpp">
      <Filter>scenegraph</Filter>
    </ClInclude>
    <ClInclude Include="..\..\src\exeng\scenegraph\Geometry.hpp">
      <Filter>scenegraph</Filter>
    </ClInclude>
    <ClInclude Include="..\..\src\exeng\scenegraph\IntersectInfo.hpp">
      <Filter>scenegraph</Filter>
    </ClInclude>
    <ClInclude Include="..\..\src\exeng\scenegraph\Light.hpp">
      <Filter>scenegraph</Filter>
    </ClInclude>
    <ClInclude Include="..\..\src\exeng\scenegraph\Plane.hpp">
      <Filter>scenegraph</Filter>
    </ClInclude>
    <ClInclude Include="..\..\src\exeng\scenegraph\Ray.hpp">
      <Filter>scenegraph</Filter>
    </ClInclude>
    <ClInclude Include="..\..\src\exeng\scenegraph\Scene.hpp">
      <Filter>scenegraph</Filter>
    </ClInclude>
    <ClInclude Include="..\..\src\exeng\scenegraph\SceneNode.hpp">
      <Filter>scenegraph</Filter>
    </ClInclude>
    <ClInclude Include="..\..\src\exeng\scenegraph\SceneNodeData.hpp">
      <Filter>scenegraph</Filter>
    </ClInclude>
    <ClInclude Include="..\..\src\exeng\scenegraph\Sphere.hpp">
      <Filter>scenegraph</Filter>
    </ClInclude>
    <ClInclude Include="..\..\src\exeng\system\Library.hpp">
      <Filter>system</Filter>
    </ClInclude>
    <ClInclude Include="..\..\src\exeng\system\LibraryPrivate.hpp">
      <Filter>system</Filter>
    </ClInclude>
    <ClInclude Include="..\..\src\exeng\system\Plugin.hpp">
      <Filter>system</Filter>
    </ClInclude>
    <ClInclude Include="..\..\src\exeng\system\PluginManager.hpp">
      <Filter>system</Filter>
    </ClInclude>
    <ClInclude Include="..\..\src\exeng\graphics\Color.hpp">
      <Filter>graphics</Filter>
    </ClInclude>
    <ClInclude Include="..\..\src\exeng\Buffer.hpp" />
    <ClInclude Include="..\..\src\exeng\HeapBuffer.hpp" />
    <ClInclude Include="..\..\src\exeng\graphics\ColorFormat.hpp">
      <Filter>graphics</Filter>
    </ClInclude>
    <ClInclude Include="..\..\src\exeng\graphics\HeapIndexBuffer.hpp">
      <Filter>graphics</Filter>
    </ClInclude>
    <ClInclude Include="..\..\src\exeng\graphics\HeapVertexBuffer.hpp">
      <Filter>graphics</Filter>
    </ClInclude>
    <ClInclude Include="..\..\src\exeng\graphics\IndexArray.hpp">
      <Filter>graphics</Filter>
    </ClInclude>
    <ClInclude Include="..\..\src\exeng\graphics\Primitive.hpp">
      <Filter>graphics</Filter>
    </ClInclude>
    <ClInclude Include="..\..\src\exeng\graphics\Shader.hpp">
      <Filter>graphics</Filter>
    </ClInclude>
    <ClInclude Include="..\..\src\exeng\graphics\ShaderProgram.hpp">
      <Filter>graphics</Filter>
    </ClInclude>
    <ClInclude Include="..\..\src\exeng\graphics\VertexArray.hpp">
      <Filter>graphics</Filter>
    </ClInclude>
    <ClInclude Include="..\..\src\exeng\graphics\VertexFormat.hpp">
      <Filter>graphics</Filter>
    </ClInclude>
    <ClInclude Include="..\..\src\exeng\DataType.hpp" />
    <ClInclude Include="..\..\src\exeng\framework\Application.hpp">
      <Filter>framework</Filter>
    </ClInclude>
    <ClInclude Include="..\..\src\exeng\framework\Main.hpp">
      <Filter>framework</Filter>
    </ClInclude>
    <ClInclude Include="..\..\src\exeng\input\IEventHandler.hpp">
      <Filter>input</Filter>
    </ClInclude>
    <ClInclude Include="..\..\src\exeng\input\IEventRaiser.hpp">
      <Filter>input</Filter>
    </ClInclude>
    <ClInclude Include="..\..\src\exeng\input\InputData.hpp">
      <Filter>input</Filter>
    </ClInclude>
    <ClInclude Include="..\..\src\exeng\graphics\Screen.hpp">
      <Filter>graphics</Filter>
    </ClInclude>
    <ClInclude Include="..\..\src\exeng\scenegraph\IMeshLoader.hpp">
      <Filter>scenegraph</Filter>
    </ClInclude>
    <ClInclude Include="..\..\src\exeng\scenegraph\ISceneRenderer.hpp">
      <Filter>scenegraph</Filter>
    </ClInclude>
    <ClInclude Include="..\..\src\exeng\scenegraph\Mesh.hpp">
      <Filter>scenegraph</Filter>
    </ClInclude>
    <ClInclude Include="..\..\src\exeng\scenegraph\MeshManager.hpp">
      <Filter>scenegraph</Filter>
    </ClInclude>
    <ClInclude Include="..\..\src\exeng\scenegraph\MeshPart.hpp">
      <Filter>scenegraph</Filter>
    </ClInclude>
    <ClInclude Include="..\..\src\exeng\scenegraph\SceneManager.hpp">
      <Filter>scenegraph</Filter>
    </ClInclude>
    <ClInclude Include="..\..\src\exeng\audio\Listener.hpp">
      <Filter>audio</Filter>
    </ClInclude>
    <ClInclude Include="..\..\src\exeng\audio\Manager.hpp">
      <Filter>audio</Filter>
    </ClInclude>
    <ClInclude Include="..\..\src\exeng\audio\Source.hpp">
      <Filter>audio</Filter>
    </ClInclude>
    <ClInclude Include="..\..\src\exeng\audio\AudioBuffer.hpp">
      <Filter>audio</Filter>
    </ClInclude>
  </ItemGroup>
  <ItemGroup>
    <ClCompile Include="..\..\src\exeng\Object.cpp" />
    <ClCompile Include="..\..\src\exeng\Root.cpp" />
    <ClCompile Include="..\..\src\exeng\TypeInfo.cpp" />
    <ClCompile Include="..\..\src\exeng\Version.cpp" />
    <ClCompile Include="..\..\src\exeng\graphics\GraphicsManager.cpp">
      <Filter>graphics</Filter>
    </ClCompile>
    <ClCompile Include="..\..\src\exeng\graphics\Image.cpp">
      <Filter>graphics</Filter>
    </ClCompile>
    <ClCompile Include="..\..\src\exeng\graphics\Material.cpp">
      <Filter>graphics</Filter>
    </ClCompile>
    <ClCompile Include="..\..\src\exeng\graphics\PixelFormat.cpp">
      <Filter>graphics</Filter>
    </ClCompile>
    <ClCompile Include="..\..\src\exeng\scenegraph\Camera.cpp">
      <Filter>scenegraph</Filter>
    </ClCompile>
    <ClCompile Include="..\..\src\exeng\scenegraph\Geometry.cpp">
      <Filter>scenegraph</Filter>
    </ClCompile>
    <ClCompile Include="..\..\src\exeng\scenegraph\Light.cpp">
      <Filter>scenegraph</Filter>
    </ClCompile>
    <ClCompile Include="..\..\src\exeng\scenegraph\Scene.cpp">
      <Filter>scenegraph</Filter>
    </ClCompile>
    <ClCompile Include="..\..\src\exeng\scenegraph\SceneNode.cpp">
      <Filter>scenegraph</Filter>
    </ClCompile>
    <ClCompile Include="..\..\src\exeng\scenegraph\SceneNodeData.cpp">
      <Filter>scenegraph</Filter>
    </ClCompile>
    <ClCompile Include="..\..\src\exeng\system\Library.cpp">
      <Filter>system</Filter>
    </ClCompile>
    <ClCompile Include="..\..\src\exeng\system\LibraryPrivatePosix.cpp">
      <Filter>system</Filter>
    </ClCompile>
    <ClCompile Include="..\..\src\exeng\system\LibraryPrivateWin32.cpp">
      <Filter>system</Filter>
    </ClCompile>
    <ClCompile Include="..\..\src\exeng\system\Plugin.cpp">
      <Filter>system</Filter>
    </ClCompile>
    <ClCompile Include="..\..\src\exeng\system\PluginManager.cpp">
      <Filter>system</Filter>
    </ClCompile>
    <ClCompile Include="..\..\src\exeng\scenegraph\Plane.inl">
      <Filter>scenegraph</Filter>
    </ClCompile>
    <ClCompile Include="..\..\src\exeng\scenegraph\Ray.inl">
      <Filter>scenegraph</Filter>
    </ClCompile>
    <ClCompile Include="..\..\src\exeng\scenegraph\Sphere.inl">
      <Filter>scenegraph</Filter>
    </ClCompile>
    <ClCompile Include="..\..\src\exeng\Buffer.cpp" />
    <ClCompile Include="..\..\src\exeng\HeapBuffer.cpp" />
    <ClCompile Include="..\..\src\exeng\graphics\ColorFormat.cpp">
      <Filter>graphics</Filter>
    </ClCompile>
    <ClCompile Include="..\..\src\exeng\graphics\GraphicsDriver.cpp">
      <Filter>graphics</Filter>
    </ClCompile>
    <ClCompile Include="..\..\src\exeng\graphics\HeapIndexBuffer.cpp">
      <Filter>graphics</Filter>
    </ClCompile>
    <ClCompile Include="..\..\src\exeng\graphics\HeapVertexBuffer.cpp">
      <Filter>graphics</Filter>
    </ClCompile>
    <ClCompile Include="..\..\src\exeng\graphics\IndexBuffer.cpp">
      <Filter>graphics</Filter>
    </ClCompile>
    <ClCompile Include="..\..\src\exeng\graphics\Shader.cpp">
      <Filter>graphics</Filter>
    </ClCompile>
    <ClCompile Include="..\..\src\exeng\graphics\ShaderProgram.cpp">
      <Filter>graphics</Filter>
    </ClCompile>
    <ClCompile Include="..\..\src\exeng\graphics\Texture.cpp">
      <Filter>graphics</Filter>
    </ClCompile>
    <ClCompile Include="..\..\src\exeng\graphics\VertexBuffer.cpp">
      <Filter>graphics</Filter>
    </ClCompile>
    <ClCompile Include="..\..\src\exeng\graphics\VertexFormat.cpp">
      <Filter>graphics</Filter>
    </ClCompile>
    <ClCompile Include="..\..\src\exeng\framework\Application.cpp">
      <Filter>framework</Filter>
    </ClCompile>
    <ClCompile Include="..\..\src\exeng\input\IEventHandler.cpp">
      <Filter>input</Filter>
    </ClCompile>
    <ClCompile Include="..\..\src\exeng\input\IEventRaiser.cpp">
      <Filter>input</Filter>
    </ClCompile>
    <ClCompile Include="..\..\src\exeng\input\InputData.cpp">
      <Filter>input</Filter>
    </ClCompile>
    <ClCompile Include="..\..\src\exeng\scenegraph\IMeshLoader.cpp">
      <Filter>scenegraph</Filter>
    </ClCompile>
    <ClCompile Include="..\..\src\exeng\scenegraph\ISceneRenderer.cpp">
      <Filter>scenegraph</Filter>
    </ClCompile>
    <ClCompile Include="..\..\src\exeng\scenegraph\Mesh.cpp">
      <Filter>scenegraph</Filter>
    </ClCompile>
    <ClCompile Include="..\..\src\exeng\scenegraph\MeshManager.cpp">
      <Filter>scenegraph</Filter>
    </ClCompile>
    <ClCompile Include="..\..\src\exeng\scenegraph\MeshPart.cpp">
      <Filter>scenegraph</Filter>
    </ClCompile>
    <ClCompile Include="..\..\src\exeng\scenegraph\SceneManager.cpp">
      <Filter>scenegraph</Filter>
    </ClCompile>
    <ClCompile Include="..\..\src\exeng\scenegraph\IntersectInfo.inl">
      <Filter>scenegraph</Filter>
    </ClCompile>
    <ClCompile Include="..\..\src\exeng\audio\Listener.cpp">
      <Filter>audio</Filter>
    </ClCompile>
    <ClCompile Include="..\..\src\exeng\audio\Manager.cpp">
      <Filter>audio</Filter>
    </ClCompile>
    <ClCompile Include="..\..\src\exeng\audio\Source.cpp">
      <Filter>audio</Filter>
    </ClCompile>
    <ClCompile Include="..\..\src\exeng\audio\AudioBuffer.cpp">
      <Filter>audio</Filter>
    </ClCompile>
  </ItemGroup>
  <ItemGroup>
    <None Include="..\..\src\exeng\TFlags.inl" />
    <None Include="..\..\src\exeng\math\Common.inl">
      <Filter>math</Filter>
    </None>
    <None Include="..\..\src\exeng\math\Operations.inl">
      <Filter>math</Filter>
    </None>
    <None Include="..\..\src\exeng\math\TBoundary.inl">
      <Filter>math</Filter>
    </None>
    <None Include="..\..\src\exeng\math\TMatrix.inl">
      <Filter>math</Filter>
    </None>
    <None Include="..\..\src\exeng\math\TSize.inl">
      <Filter>math</Filter>
    </None>
    <None Include="..\..\src\exeng\math\TVector.inl">
      <Filter>math</Filter>
    </None>
    <None Include="..\..\src\exeng\graphics\Color.inl">
      <Filter>graphics</Filter>
    </None>
    <None Include="..\..\src\exeng\graphics\GraphicsDriverBase.inl">
      <Filter>graphics</Filter>
    </None>
    <None Include="..\..\src\exeng\DataType.inl" />
    <None Include="..\..\src\exeng\framework\Main.inl">
      <Filter>framework</Filter>
    </None>
  </ItemGroup>
  <ItemGroup>
    <Filter Include="graphics">
      <UniqueIdentifier>{3ed3b164-5991-44bf-ac2f-dbc542a14076}</UniqueIdentifier>
    </Filter>
    <Filter Include="math">
      <UniqueIdentifier>{f7f99b74-2966-4b0d-9500-9e6126ba4f23}</UniqueIdentifier>
    </Filter>
    <Filter Include="scenegraph">
      <UniqueIdentifier>{57ae6ad7-94c1-43f6-b6c4-ab1d8ffc5a01}</UniqueIdentifier>
    </Filter>
    <Filter Include="system">
      <UniqueIdentifier>{cdf82578-2f39-4db0-95b9-a1badf7bcda3}</UniqueIdentifier>
    </Filter>
    <Filter Include="framework">
      <UniqueIdentifier>{1af486be-b9b8-4d0d-be27-05b4f66e24f0}</UniqueIdentifier>
    </Filter>
    <Filter Include="input">
      <UniqueIdentifier>{8caf3c00-c9a7-4deb-b5ec-c188d4de7d12}</UniqueIdentifier>
    </Filter>
    <Filter Include="audio">
      <UniqueIdentifier>{4d60a41e-8f85-4283-90c4-228546457724}</UniqueIdentifier>
    </Filter>
  </ItemGroup>
</Project>