<?xml version="1.0" encoding="utf-8"?>
<Project ToolsVersion="4.0" xmlns="http://schemas.microsoft.com/developer/msbuild/2003">
  <ItemGroup>
    <ClCompile Include="..\..\src\raytracer\RayTracerApp.cpp" />
    <ClCompile Include="..\..\src\raytracer\RayTracerAppPrivate.cpp" />
    <ClCompile Include="..\..\src\raytracer\SphereGeometry.cpp" />
    <ClCompile Include="..\..\src\raytracer\samplers\JitteredSampler.cpp">
      <Filter>samplers</Filter>
    </ClCompile>
    <ClCompile Include="..\..\src\raytracer\samplers\RegularSampler.cpp">
      <Filter>samplers</Filter>
    </ClCompile>
    <ClCompile Include="..\..\src\raytracer\samplers\Sampler.cpp">
      <Filter>samplers</Filter>
    </ClCompile>
    <ClCompile Include="..\..\src\raytracer\OpenGLApp.cpp" />
    <ClCompile Include="..\..\src\raytracer\RayTracerMain.cpp" />
  </ItemGroup>
  <ItemGroup>
    <ClInclude Include="..\..\src\raytracer\RayTracerApp.hpp" />
    <ClInclude Include="..\..\src\raytracer\RayTracerAppPrivate.hpp" />
    <ClInclude Include="..\..\src\raytracer\SphereGeometry.hpp" />
    <ClInclude Include="..\..\src\raytracer\samplers\JitteredSampler.hpp">
      <Filter>samplers</Filter>
    </ClInclude>
    <ClInclude Include="..\..\src\raytracer\samplers\RegularSampler.hpp">
      <Filter>samplers</Filter>
    </ClInclude>
    <ClInclude Include="..\..\src\raytracer\samplers\Sampler.hpp">
      <Filter>samplers</Filter>
    </ClInclude>
    <ClInclude Include="..\..\src\raytracer\OpenGLApp.hpp" />
  </ItemGroup>
  <ItemGroup>
    <Text Include="..\..\src\raytracer\CMakeLists.txt" />
    <Text Include="..\..\src\raytracer\samplers\CMakeLists.txt">
      <Filter>samplers</Filter>
    </Text>
  </ItemGroup>
  <ItemGroup>
    <Filter Include="samplers">
      <UniqueIdentifier>{be4f8984-7199-45ab-8540-d1e029aa5358}</UniqueIdentifier>
    </Filter>
  </ItemGroup>
</Project>